
Microsoft Visual Studio Solution File, Format Version 12.00
# Visual Studio 15
VisualStudioVersion = 15.0.27703.2035
MinimumVisualStudioVersion = 10.0.40219.1
Project("{2150E333-8FDC-42A3-9474-1A3956D46DE8}") = "Foundation", "Foundation", "{4731CBA9-FBAD-4E54-81DA-A4841FC1048C}"
EndProject
Project("{2150E333-8FDC-42A3-9474-1A3956D46DE8}") = "Branch", "Branch", "{AC121BE1-AFD8-4D59-813D-A51720066FFC}"
EndProject
Project("{FAE04EC0-301F-11D3-BF4B-00C04F79EFBC}") = "Kiwi.Foundation.Boot", "Foundation\Kiwi.Foundation.Boot\Kiwi.Foundation.Boot.csproj", "{7750DE2D-7D05-451D-AB90-32622657C1FF}"
EndProject
Project("{FAE04EC0-301F-11D3-BF4B-00C04F79EFBC}") = "Kiwi.Foundation.Backbone", "Foundation\Kiwi.Foundation.Backbone\Kiwi.Foundation.Backbone.csproj", "{0D313A8E-A108-41A2-A435-23EA735857F9}"
EndProject
Project("{FAE04EC0-301F-11D3-BF4B-00C04F79EFBC}") = "Kiwi.Main", "Kiwi.Main\Kiwi.Main.csproj", "{A43FFF13-60FA-47A1-BB1C-DDAB4C60CE98}"
EndProject
Project("{2150E333-8FDC-42A3-9474-1A3956D46DE8}") = "BPM", "BPM", "{3F6A6070-8D05-44AA-A73D-6C810DBCE605}"
EndProject
Project("{2150E333-8FDC-42A3-9474-1A3956D46DE8}") = "ORM", "ORM", "{F7F48AAE-51F3-4831-BA48-61AF9C5A35A7}"
EndProject
Project("{2150E333-8FDC-42A3-9474-1A3956D46DE8}") = "RuleEngine", "RuleEngine", "{F0274C11-AD0F-402B-B57B-A732E6485494}"
EndProject
Project("{FAE04EC0-301F-11D3-BF4B-00C04F79EFBC}") = "Kiwi.Foundation.BPM.Business", "Foundation\BPM\Kiwi.Foundation.BPM.Business\Kiwi.Foundation.BPM.Business.csproj", "{79BCFCA8-B076-46D8-A49C-CADC9C6A0B79}"
EndProject
Project("{FAE04EC0-301F-11D3-BF4B-00C04F79EFBC}") = "Kiwi.Foundation.BPM.Services", "Foundation\BPM\Kiwi.Foundation.BPM.Services\Kiwi.Foundation.BPM.Services.csproj", "{35751279-12C2-41D2-A442-CCEA42CAA802}"
EndProject
Project("{FAE04EC0-301F-11D3-BF4B-00C04F79EFBC}") = "Kiwi.Foundation.ORM", "Foundation\ORM\Kiwi.Foundation.ORM\Kiwi.Foundation.ORM.csproj", "{AC5A29B7-1674-4933-BA57-035CFAE80371}"
EndProject
Project("{FAE04EC0-301F-11D3-BF4B-00C04F79EFBC}") = "Kiwi.Foundation.RuleEngine.Business", "Foundation\RuleEngine\Kiwi.Foundation.RuleEngine.Business\Kiwi.Foundation.RuleEngine.Business.csproj", "{53E0CB1D-F61D-46C5-876E-E565F944F89F}"
EndProject
Project("{FAE04EC0-301F-11D3-BF4B-00C04F79EFBC}") = "Kiwi.Foundation.RuleEngine.Services", "Foundation\RuleEngine\Kiwi.Foundation.RuleEngine.Services\Kiwi.Foundation.RuleEngine.Services.csproj", "{8D5A92F4-0BE9-48CE-B597-256E872908DC}"
EndProject
Project("{FAE04EC0-301F-11D3-BF4B-00C04F79EFBC}") = "Kiwi.Branch.Boot", "Branch\Kiwi.Branch.Boot\Kiwi.Branch.Boot.csproj", "{A73ED1D3-97E3-4C41-AB8B-0712223286C1}"
EndProject
Project("{FAE04EC0-301F-11D3-BF4B-00C04F79EFBC}") = "Kiwi.Branch.Backbone", "Branch\Kiwi.Branch.Backbone\Kiwi.Branch.Backbone.csproj", "{AAEBF2BC-7C73-4AC1-B2CF-1FFD5F9222D7}"
EndProject
Project("{2150E333-8FDC-42A3-9474-1A3956D46DE8}") = "Customer", "Customer", "{DE3E8BC0-D1A5-4537-A266-583B04376564}"
EndProject
Project("{FAE04EC0-301F-11D3-BF4B-00C04F79EFBC}") = "Kiwi.Branch.Customer.Business", "Branch\Customer\Kiwi.Branch.Customer.Business\Kiwi.Branch.Customer.Business.csproj", "{7322AA8C-C8FE-44EA-82EE-2DECFFB0A55F}"
EndProject
Project("{FAE04EC0-301F-11D3-BF4B-00C04F79EFBC}") = "Kiwi.Branch.Customer.Services", "Branch\Customer\Kiwi.Branch.Customer.Services\Kiwi.Branch.Customer.Services.csproj", "{F00FA02B-62B9-4AB5-8DF8-F4C93AC86EA2}"
EndProject
Project("{2150E333-8FDC-42A3-9474-1A3956D46DE8}") = "QMatic", "QMatic", "{6C3D96C2-03CC-4DAC-846F-665D12D9B586}"
EndProject
Project("{FAE04EC0-301F-11D3-BF4B-00C04F79EFBC}") = "Kiwi.Branch.QMatic.Business", "Branch\QMatic\Kiwi.Branch.QMatic.Business\Kiwi.Branch.QMatic.Business.csproj", "{804B2A06-5824-451A-9F9C-7A6AD26C6559}"
EndProject
Project("{FAE04EC0-301F-11D3-BF4B-00C04F79EFBC}") = "Kiwi.Branch.QMatic.Service", "Branch\QMatic\Kiwi.Branch.QMatic.Service\Kiwi.Branch.QMatic.Service.csproj", "{2926D28D-0449-44E7-99B3-12C2C0C48E64}"
EndProject
Project("{2150E333-8FDC-42A3-9474-1A3956D46DE8}") = "Finance", "Finance", "{073B8238-8259-43E7-9F25-848DD9D30FCC}"
EndProject
Project("{FAE04EC0-301F-11D3-BF4B-00C04F79EFBC}") = "Kiwi.Finance.Boot", "Finance\Kiwi.Finance.Boot\Kiwi.Finance.Boot.csproj", "{0041F88A-461B-420E-8643-BEE79C449F1A}"
EndProject
Project("{FAE04EC0-301F-11D3-BF4B-00C04F79EFBC}") = "Kiwi.Finance.Backbone", "Finance\Kiwi.Finance.Backbone\Kiwi.Finance.Backbone.csproj", "{ACD98D63-F356-4DC4-A357-C799AFAF5E00}"
EndProject
Project("{2150E333-8FDC-42A3-9474-1A3956D46DE8}") = "Investment", "Investment", "{FD6C1DB3-545B-4ED0-9E28-FD5C4BFE2EAB}"
EndProject
Project("{FAE04EC0-301F-11D3-BF4B-00C04F79EFBC}") = "Kiwi.Finance.Investment.Business", "Finance\Investment\Kiwi.Finance.Investment.Business\Kiwi.Finance.Investment.Business.csproj", "{75A29DA3-C8F0-4A16-9A75-E7D05B306ECA}"
EndProject
Project("{FAE04EC0-301F-11D3-BF4B-00C04F79EFBC}") = "Kiwi.Finance.Investment.Service", "Finance\Investment\Kiwi.Finance.Investment.Service\Kiwi.Finance.Investment.Service.csproj", "{444E46D6-E31C-4A74-B99F-3458F73A2486}"
EndProject
Project("{2150E333-8FDC-42A3-9474-1A3956D46DE8}") = "Insurance", "Insurance", "{B948D6EA-0B02-4786-976E-97B581EB4F35}"
EndProject
Project("{FAE04EC0-301F-11D3-BF4B-00C04F79EFBC}") = "Kiwi.Finance.Insurence.Service", "Finance\Insurance\Kiwi.Finance.Insurence.Service\Kiwi.Finance.Insurence.Service.csproj", "{1ACE3C6E-3493-47C7-AC50-F42EFE9649D6}"
EndProject
Project("{FAE04EC0-301F-11D3-BF4B-00C04F79EFBC}") = "Kiwi.Finance.Insurance.Business", "Finance\Insurance\Kiwi.Finance.Insurance.Business\Kiwi.Finance.Insurance.Business.csproj", "{0F00F4AE-6BC9-47E7-AF98-7A46948ECFB1}"
EndProject
Global
	GlobalSection(SolutionConfigurationPlatforms) = preSolution
		Debug|Any CPU = Debug|Any CPU
		Release|Any CPU = Release|Any CPU
	EndGlobalSection
	GlobalSection(ProjectConfigurationPlatforms) = postSolution
		{7750DE2D-7D05-451D-AB90-32622657C1FF}.Debug|Any CPU.ActiveCfg = Debug|Any CPU
		{7750DE2D-7D05-451D-AB90-32622657C1FF}.Debug|Any CPU.Build.0 = Debug|Any CPU
		{7750DE2D-7D05-451D-AB90-32622657C1FF}.Release|Any CPU.ActiveCfg = Release|Any CPU
		{7750DE2D-7D05-451D-AB90-32622657C1FF}.Release|Any CPU.Build.0 = Release|Any CPU
		{0D313A8E-A108-41A2-A435-23EA735857F9}.Debug|Any CPU.ActiveCfg = Debug|Any CPU
		{0D313A8E-A108-41A2-A435-23EA735857F9}.Debug|Any CPU.Build.0 = Debug|Any CPU
		{0D313A8E-A108-41A2-A435-23EA735857F9}.Release|Any CPU.ActiveCfg = Release|Any CPU
		{0D313A8E-A108-41A2-A435-23EA735857F9}.Release|Any CPU.Build.0 = Release|Any CPU
		{A43FFF13-60FA-47A1-BB1C-DDAB4C60CE98}.Debug|Any CPU.ActiveCfg = Debug|Any CPU
		{A43FFF13-60FA-47A1-BB1C-DDAB4C60CE98}.Debug|Any CPU.Build.0 = Debug|Any CPU
		{A43FFF13-60FA-47A1-BB1C-DDAB4C60CE98}.Release|Any CPU.ActiveCfg = Release|Any CPU
		{A43FFF13-60FA-47A1-BB1C-DDAB4C60CE98}.Release|Any CPU.Build.0 = Release|Any CPU
		{79BCFCA8-B076-46D8-A49C-CADC9C6A0B79}.Debug|Any CPU.ActiveCfg = Debug|Any CPU
		{79BCFCA8-B076-46D8-A49C-CADC9C6A0B79}.Debug|Any CPU.Build.0 = Debug|Any CPU
		{79BCFCA8-B076-46D8-A49C-CADC9C6A0B79}.Release|Any CPU.ActiveCfg = Release|Any CPU
		{79BCFCA8-B076-46D8-A49C-CADC9C6A0B79}.Release|Any CPU.Build.0 = Release|Any CPU
		{35751279-12C2-41D2-A442-CCEA42CAA802}.Debug|Any CPU.ActiveCfg = Debug|Any CPU
		{35751279-12C2-41D2-A442-CCEA42CAA802}.Debug|Any CPU.Build.0 = Debug|Any CPU
		{35751279-12C2-41D2-A442-CCEA42CAA802}.Release|Any CPU.ActiveCfg = Release|Any CPU
		{35751279-12C2-41D2-A442-CCEA42CAA802}.Release|Any CPU.Build.0 = Release|Any CPU
		{AC5A29B7-1674-4933-BA57-035CFAE80371}.Debug|Any CPU.ActiveCfg = Debug|Any CPU
		{AC5A29B7-1674-4933-BA57-035CFAE80371}.Debug|Any CPU.Build.0 = Debug|Any CPU
		{AC5A29B7-1674-4933-BA57-035CFAE80371}.Release|Any CPU.ActiveCfg = Release|Any CPU
		{AC5A29B7-1674-4933-BA57-035CFAE80371}.Release|Any CPU.Build.0 = Release|Any CPU
		{53E0CB1D-F61D-46C5-876E-E565F944F89F}.Debug|Any CPU.ActiveCfg = Debug|Any CPU
		{53E0CB1D-F61D-46C5-876E-E565F944F89F}.Debug|Any CPU.Build.0 = Debug|Any CPU
		{53E0CB1D-F61D-46C5-876E-E565F944F89F}.Release|Any CPU.ActiveCfg = Release|Any CPU
		{53E0CB1D-F61D-46C5-876E-E565F944F89F}.Release|Any CPU.Build.0 = Release|Any CPU
		{8D5A92F4-0BE9-48CE-B597-256E872908DC}.Debug|Any CPU.ActiveCfg = Debug|Any CPU
		{8D5A92F4-0BE9-48CE-B597-256E872908DC}.Debug|Any CPU.Build.0 = Debug|Any CPU
		{8D5A92F4-0BE9-48CE-B597-256E872908DC}.Release|Any CPU.ActiveCfg = Release|Any CPU
		{8D5A92F4-0BE9-48CE-B597-256E872908DC}.Release|Any CPU.Build.0 = Release|Any CPU
		{A73ED1D3-97E3-4C41-AB8B-0712223286C1}.Debug|Any CPU.ActiveCfg = Debug|Any CPU
		{A73ED1D3-97E3-4C41-AB8B-0712223286C1}.Debug|Any CPU.Build.0 = Debug|Any CPU
		{A73ED1D3-97E3-4C41-AB8B-0712223286C1}.Release|Any CPU.ActiveCfg = Release|Any CPU
		{A73ED1D3-97E3-4C41-AB8B-0712223286C1}.Release|Any CPU.Build.0 = Release|Any CPU
		{AAEBF2BC-7C73-4AC1-B2CF-1FFD5F9222D7}.Debug|Any CPU.ActiveCfg = Debug|Any CPU
		{AAEBF2BC-7C73-4AC1-B2CF-1FFD5F9222D7}.Debug|Any CPU.Build.0 = Debug|Any CPU
		{AAEBF2BC-7C73-4AC1-B2CF-1FFD5F9222D7}.Release|Any CPU.ActiveCfg = Release|Any CPU
		{AAEBF2BC-7C73-4AC1-B2CF-1FFD5F9222D7}.Release|Any CPU.Build.0 = Release|Any CPU
		{7322AA8C-C8FE-44EA-82EE-2DECFFB0A55F}.Debug|Any CPU.ActiveCfg = Debug|Any CPU
		{7322AA8C-C8FE-44EA-82EE-2DECFFB0A55F}.Debug|Any CPU.Build.0 = Debug|Any CPU
		{7322AA8C-C8FE-44EA-82EE-2DECFFB0A55F}.Release|Any CPU.ActiveCfg = Release|Any CPU
		{7322AA8C-C8FE-44EA-82EE-2DECFFB0A55F}.Release|Any CPU.Build.0 = Release|Any CPU
		{F00FA02B-62B9-4AB5-8DF8-F4C93AC86EA2}.Debug|Any CPU.ActiveCfg = Debug|Any CPU
		{F00FA02B-62B9-4AB5-8DF8-F4C93AC86EA2}.Debug|Any CPU.Build.0 = Debug|Any CPU
		{F00FA02B-62B9-4AB5-8DF8-F4C93AC86EA2}.Release|Any CPU.ActiveCfg = Release|Any CPU
		{F00FA02B-62B9-4AB5-8DF8-F4C93AC86EA2}.Release|Any CPU.Build.0 = Release|Any CPU
		{804B2A06-5824-451A-9F9C-7A6AD26C6559}.Debug|Any CPU.ActiveCfg = Debug|Any CPU
		{804B2A06-5824-451A-9F9C-7A6AD26C6559}.Debug|Any CPU.Build.0 = Debug|Any CPU
		{804B2A06-5824-451A-9F9C-7A6AD26C6559}.Release|Any CPU.ActiveCfg = Release|Any CPU
		{804B2A06-5824-451A-9F9C-7A6AD26C6559}.Release|Any CPU.Build.0 = Release|Any CPU
		{2926D28D-0449-44E7-99B3-12C2C0C48E64}.Debug|Any CPU.ActiveCfg = Debug|Any CPU
		{2926D28D-0449-44E7-99B3-12C2C0C48E64}.Debug|Any CPU.Build.0 = Debug|Any CPU
		{2926D28D-0449-44E7-99B3-12C2C0C48E64}.Release|Any CPU.ActiveCfg = Release|Any CPU
		{2926D28D-0449-44E7-99B3-12C2C0C48E64}.Release|Any CPU.Build.0 = Release|Any CPU
		{0041F88A-461B-420E-8643-BEE79C449F1A}.Debug|Any CPU.ActiveCfg = Debug|Any CPU
		{0041F88A-461B-420E-8643-BEE79C449F1A}.Debug|Any CPU.Build.0 = Debug|Any CPU
		{0041F88A-461B-420E-8643-BEE79C449F1A}.Release|Any CPU.ActiveCfg = Release|Any CPU
		{0041F88A-461B-420E-8643-BEE79C449F1A}.Release|Any CPU.Build.0 = Release|Any CPU
		{ACD98D63-F356-4DC4-A357-C799AFAF5E00}.Debug|Any CPU.ActiveCfg = Debug|Any CPU
		{ACD98D63-F356-4DC4-A357-C799AFAF5E00}.Debug|Any CPU.Build.0 = Debug|Any CPU
		{ACD98D63-F356-4DC4-A357-C799AFAF5E00}.Release|Any CPU.ActiveCfg = Release|Any CPU
		{ACD98D63-F356-4DC4-A357-C799AFAF5E00}.Release|Any CPU.Build.0 = Release|Any CPU
		{75A29DA3-C8F0-4A16-9A75-E7D05B306ECA}.Debug|Any CPU.ActiveCfg = Debug|Any CPU
		{75A29DA3-C8F0-4A16-9A75-E7D05B306ECA}.Debug|Any CPU.Build.0 = Debug|Any CPU
		{75A29DA3-C8F0-4A16-9A75-E7D05B306ECA}.Release|Any CPU.ActiveCfg = Release|Any CPU
		{75A29DA3-C8F0-4A16-9A75-E7D05B306ECA}.Release|Any CPU.Build.0 = Release|Any CPU
		{444E46D6-E31C-4A74-B99F-3458F73A2486}.Debug|Any CPU.ActiveCfg = Debug|Any CPU
		{444E46D6-E31C-4A74-B99F-3458F73A2486}.Debug|Any CPU.Build.0 = Debug|Any CPU
		{444E46D6-E31C-4A74-B99F-3458F73A2486}.Release|Any CPU.ActiveCfg = Release|Any CPU
		{444E46D6-E31C-4A74-B99F-3458F73A2486}.Release|Any CPU.Build.0 = Release|Any CPU
		{1ACE3C6E-3493-47C7-AC50-F42EFE9649D6}.Debug|Any CPU.ActiveCfg = Debug|Any CPU
		{1ACE3C6E-3493-47C7-AC50-F42EFE9649D6}.Debug|Any CPU.Build.0 = Debug|Any CPU
		{1ACE3C6E-3493-47C7-AC50-F42EFE9649D6}.Release|Any CPU.ActiveCfg = Release|Any CPU
		{1ACE3C6E-3493-47C7-AC50-F42EFE9649D6}.Release|Any CPU.Build.0 = Release|Any CPU
		{0F00F4AE-6BC9-47E7-AF98-7A46948ECFB1}.Debug|Any CPU.ActiveCfg = Debug|Any CPU
		{0F00F4AE-6BC9-47E7-AF98-7A46948ECFB1}.Debug|Any CPU.Build.0 = Debug|Any CPU
		{0F00F4AE-6BC9-47E7-AF98-7A46948ECFB1}.Release|Any CPU.ActiveCfg = Release|Any CPU
		{0F00F4AE-6BC9-47E7-AF98-7A46948ECFB1}.Release|Any CPU.Build.0 = Release|Any CPU
	EndGlobalSection
	GlobalSection(SolutionProperties) = preSolution
		HideSolutionNode = FALSE
	EndGlobalSection
	GlobalSection(NestedProjects) = preSolution
		{7750DE2D-7D05-451D-AB90-32622657C1FF} = {4731CBA9-FBAD-4E54-81DA-A4841FC1048C}
		{0D313A8E-A108-41A2-A435-23EA735857F9} = {4731CBA9-FBAD-4E54-81DA-A4841FC1048C}
		{3F6A6070-8D05-44AA-A73D-6C810DBCE605} = {4731CBA9-FBAD-4E54-81DA-A4841FC1048C}
		{F7F48AAE-51F3-4831-BA48-61AF9C5A35A7} = {4731CBA9-FBAD-4E54-81DA-A4841FC1048C}
		{F0274C11-AD0F-402B-B57B-A732E6485494} = {4731CBA9-FBAD-4E54-81DA-A4841FC1048C}
		{79BCFCA8-B076-46D8-A49C-CADC9C6A0B79} = {3F6A6070-8D05-44AA-A73D-6C810DBCE605}
		{35751279-12C2-41D2-A442-CCEA42CAA802} = {3F6A6070-8D05-44AA-A73D-6C810DBCE605}
		{AC5A29B7-1674-4933-BA57-035CFAE80371} = {F7F48AAE-51F3-4831-BA48-61AF9C5A35A7}
		{53E0CB1D-F61D-46C5-876E-E565F944F89F} = {F0274C11-AD0F-402B-B57B-A732E6485494}
		{8D5A92F4-0BE9-48CE-B597-256E872908DC} = {F0274C11-AD0F-402B-B57B-A732E6485494}
		{A73ED1D3-97E3-4C41-AB8B-0712223286C1} = {AC121BE1-AFD8-4D59-813D-A51720066FFC}
		{AAEBF2BC-7C73-4AC1-B2CF-1FFD5F9222D7} = {AC121BE1-AFD8-4D59-813D-A51720066FFC}
		{DE3E8BC0-D1A5-4537-A266-583B04376564} = {AC121BE1-AFD8-4D59-813D-A51720066FFC}
		{7322AA8C-C8FE-44EA-82EE-2DECFFB0A55F} = {DE3E8BC0-D1A5-4537-A266-583B04376564}
		{F00FA02B-62B9-4AB5-8DF8-F4C93AC86EA2} = {DE3E8BC0-D1A5-4537-A266-583B04376564}
		{6C3D96C2-03CC-4DAC-846F-665D12D9B586} = {AC121BE1-AFD8-4D59-813D-A51720066FFC}
		{804B2A06-5824-451A-9F9C-7A6AD26C6559} = {6C3D96C2-03CC-4DAC-846F-665D12D9B586}
		{2926D28D-0449-44E7-99B3-12C2C0C48E64} = {6C3D96C2-03CC-4DAC-846F-665D12D9B586}
		{0041F88A-461B-420E-8643-BEE79C449F1A} = {073B8238-8259-43E7-9F25-848DD9D30FCC}
		{ACD98D63-F356-4DC4-A357-C799AFAF5E00} = {073B8238-8259-43E7-9F25-848DD9D30FCC}
		{FD6C1DB3-545B-4ED0-9E28-FD5C4BFE2EAB} = {073B8238-8259-43E7-9F25-848DD9D30FCC}
		{75A29DA3-C8F0-4A16-9A75-E7D05B306ECA} = {FD6C1DB3-545B-4ED0-9E28-FD5C4BFE2EAB}
		{444E46D6-E31C-4A74-B99F-3458F73A2486} = {FD6C1DB3-545B-4ED0-9E28-FD5C4BFE2EAB}
		{B948D6EA-0B02-4786-976E-97B581EB4F35} = {073B8238-8259-43E7-9F25-848DD9D30FCC}
		{1ACE3C6E-3493-47C7-AC50-F42EFE9649D6} = {B948D6EA-0B02-4786-976E-97B581EB4F35}
		{0F00F4AE-6BC9-47E7-AF98-7A46948ECFB1} = {B948D6EA-0B02-4786-976E-97B581EB4F35}
	EndGlobalSection
	GlobalSection(ExtensibilityGlobals) = postSolution
		SolutionGuid = {BA0C54F5-1FB9-4AAF-ACE5-E686473A06CF}
	EndGlobalSection
EndGlobal
